
Microsoft Visual Studio Solution File, Format Version 12.00
# Visual Studio Version 16
VisualStudioVersion = 16.0.31005.135
MinimumVisualStudioVersion = 10.0.40219.1
Project("{9A19103F-16F7-4668-BE54-9A1E7A4F7556}") = "CadastroDeAnuncios", "CadastroDeAnuncios\CadastroDeAnuncios.csproj", "{BC8428CD-FB3B-4DCE-A2E0-A55DD30E4F99}"
EndProject
Project("{FAE04EC0-301F-11D3-BF4B-00C04F79EFBC}") = "TestesAnuncio", "TestesAnuncio\TestesAnuncio.csproj", "{61535CDC-A909-46B1-ABA6-004EF376008F}"
EndProject
Global
	GlobalSection(SolutionConfigurationPlatforms) = preSolution
		Debug|Any CPU = Debug|Any CPU
		Release|Any CPU = Release|Any CPU
	EndGlobalSection
	GlobalSection(ProjectConfigurationPlatforms) = postSolution
		{BC8428CD-FB3B-4DCE-A2E0-A55DD30E4F99}.Debug|Any CPU.ActiveCfg = Debug|Any CPU
		{BC8428CD-FB3B-4DCE-A2E0-A55DD30E4F99}.Debug|Any CPU.Build.0 = Debug|Any CPU
		{BC8428CD-FB3B-4DCE-A2E0-A55DD30E4F99}.Release|Any CPU.ActiveCfg = Release|Any CPU
		{BC8428CD-FB3B-4DCE-A2E0-A55DD30E4F99}.Release|Any CPU.Build.0 = Release|Any CPU
		{61535CDC-A909-46B1-ABA6-004EF376008F}.Debug|Any CPU.ActiveCfg = Debug|Any CPU
		{61535CDC-A909-46B1-ABA6-004EF376008F}.Debug|Any CPU.Build.0 = Debug|Any CPU
		{61535CDC-A909-46B1-ABA6-004EF376008F}.Release|Any CPU.ActiveCfg = Release|Any CPU
		{61535CDC-A909-46B1-ABA6-004EF376008F}.Release|Any CPU.Build.0 = Release|Any CPU
	EndGlobalSection
	GlobalSection(SolutionProperties) = preSolution
		HideSolutionNode = FALSE
	EndGlobalSection
	GlobalSection(ExtensibilityGlobals) = postSolution
		SolutionGuid = {06C35E92-B7C3-47DF-BD8D-149B9A5FEE7F}
	EndGlobalSection
EndGlobal
